
Microsoft Visual Studio Solution File, Format Version 12.00
# Visual Studio Version 16
VisualStudioVersion = 16.6.30114.105
MinimumVisualStudioVersion = 10.0.40219.1
Project("{FAE04EC0-301F-11D3-BF4B-00C04F79EFBC}") = "Domain", "Domain\Domain.csproj", "{2BA13FF5-9F9B-4AE7-9D50-213DFBE0C5D4}"
EndProject
Project("{FAE04EC0-301F-11D3-BF4B-00C04F79EFBC}") = "Persistence", "Persistence\Persistence.csproj", "{CC685E3C-3DF4-4867-9C3F-01DCBA8406DF}"
EndProject
Project("{FAE04EC0-301F-11D3-BF4B-00C04F79EFBC}") = "API", "API\API.csproj", "{FEB2A85E-B119-4936-9C63-87EC4B827FC2}"
EndProject
Global
	GlobalSection(SolutionConfigurationPlatforms) = preSolution
		Debug|Any CPU = Debug|Any CPU
		Debug|x64 = Debug|x64
		Debug|x86 = Debug|x86
		Release|Any CPU = Release|Any CPU
		Release|x64 = Release|x64
		Release|x86 = Release|x86
	EndGlobalSection
	GlobalSection(SolutionProperties) = preSolution
		HideSolutionNode = FALSE
	EndGlobalSection
	GlobalSection(ProjectConfigurationPlatforms) = postSolution
		{2BA13FF5-9F9B-4AE7-9D50-213DFBE0C5D4}.Debug|Any CPU.ActiveCfg = Debug|Any CPU
		{2BA13FF5-9F9B-4AE7-9D50-213DFBE0C5D4}.Debug|Any CPU.Build.0 = Debug|Any CPU
		{2BA13FF5-9F9B-4AE7-9D50-213DFBE0C5D4}.Debug|x64.ActiveCfg = Debug|Any CPU
		{2BA13FF5-9F9B-4AE7-9D50-213DFBE0C5D4}.Debug|x64.Build.0 = Debug|Any CPU
		{2BA13FF5-9F9B-4AE7-9D50-213DFBE0C5D4}.Debug|x86.ActiveCfg = Debug|Any CPU
		{2BA13FF5-9F9B-4AE7-9D50-213DFBE0C5D4}.Debug|x86.Build.0 = Debug|Any CPU
		{2BA13FF5-9F9B-4AE7-9D50-213DFBE0C5D4}.Release|Any CPU.ActiveCfg = Release|Any CPU
		{2BA13FF5-9F9B-4AE7-9D50-213DFBE0C5D4}.Release|Any CPU.Build.0 = Release|Any CPU
		{2BA13FF5-9F9B-4AE7-9D50-213DFBE0C5D4}.Release|x64.ActiveCfg = Release|Any CPU
		{2BA13FF5-9F9B-4AE7-9D50-213DFBE0C5D4}.Release|x64.Build.0 = Release|Any CPU
		{2BA13FF5-9F9B-4AE7-9D50-213DFBE0C5D4}.Release|x86.ActiveCfg = Release|Any CPU
		{2BA13FF5-9F9B-4AE7-9D50-213DFBE0C5D4}.Release|x86.Build.0 = Release|Any CPU
		{CC685E3C-3DF4-4867-9C3F-01DCBA8406DF}.Debug|Any CPU.ActiveCfg = Debug|Any CPU
		{CC685E3C-3DF4-4867-9C3F-01DCBA8406DF}.Debug|Any CPU.Build.0 = Debug|Any CPU
		{CC685E3C-3DF4-4867-9C3F-01DCBA8406DF}.Debug|x64.ActiveCfg = Debug|Any CPU
		{CC685E3C-3DF4-4867-9C3F-01DCBA8406DF}.Debug|x64.Build.0 = Debug|Any CPU
		{CC685E3C-3DF4-4867-9C3F-01DCBA8406DF}.Debug|x86.ActiveCfg = Debug|Any CPU
		{CC685E3C-3DF4-4867-9C3F-01DCBA8406DF}.Debug|x86.Build.0 = Debug|Any CPU
		{CC685E3C-3DF4-4867-9C3F-01DCBA8406DF}.Release|Any CPU.ActiveCfg = Release|Any CPU
		{CC685E3C-3DF4-4867-9C3F-01DCBA8406DF}.Release|Any CPU.Build.0 = Release|Any CPU
		{CC685E3C-3DF4-4867-9C3F-01DCBA8406DF}.Release|x64.ActiveCfg = Release|Any CPU
		{CC685E3C-3DF4-4867-9C3F-01DCBA8406DF}.Release|x64.Build.0 = Release|Any CPU
		{CC685E3C-3DF4-4867-9C3F-01DCBA8406DF}.Release|x86.ActiveCfg = Release|Any CPU
		{CC685E3C-3DF4-4867-9C3F-01DCBA8406DF}.Release|x86.Build.0 = Release|Any CPU
		{FEB2A85E-B119-4936-9C63-87EC4B827FC2}.Debug|Any CPU.ActiveCfg = Debug|Any CPU
		{FEB2A85E-B119-4936-9C63-87EC4B827FC2}.Debug|Any CPU.Build.0 = Debug|Any CPU
		{FEB2A85E-B119-4936-9C63-87EC4B827FC2}.Debug|x64.ActiveCfg = Debug|Any CPU
		{FEB2A85E-B119-4936-9C63-87EC4B827FC2}.Debug|x64.Build.0 = Debug|Any CPU
		{FEB2A85E-B119-4936-9C63-87EC4B827FC2}.Debug|x86.ActiveCfg = Debug|Any CPU
		{FEB2A85E-B119-4936-9C63-87EC4B827FC2}.Debug|x86.Build.0 = Debug|Any CPU
		{FEB2A85E-B119-4936-9C63-87EC4B827FC2}.Release|Any CPU.ActiveCfg = Release|Any CPU
		{FEB2A85E-B119-4936-9C63-87EC4B827FC2}.Release|Any CPU.Build.0 = Release|Any CPU
		{FEB2A85E-B119-4936-9C63-87EC4B827FC2}.Release|x64.ActiveCfg = Release|Any CPU
		{FEB2A85E-B119-4936-9C63-87EC4B827FC2}.Release|x64.Build.0 = Release|Any CPU
		{FEB2A85E-B119-4936-9C63-87EC4B827FC2}.Release|x86.ActiveCfg = Release|Any CPU
		{FEB2A85E-B119-4936-9C63-87EC4B827FC2}.Release|x86.Build.0 = Release|Any CPU
	EndGlobalSection
EndGlobal
